{
  "name": "xss-cross-detection",
  "version": "1.0.0",
  "lockfileVersion": 3,
  "requires": true,
  "packages": {
    "": {
      "name": "xss-cross-detection",
      "version": "1.0.0",
      "license": "ISC",
      "dependencies": {
        "bayes-classifier": "^0.0.5"
      }
    },
    "node_modules/bayes-classifier": {
      "version": "0.0.5",
      "resolved": "https://registry.npmjs.org/bayes-classifier/-/bayes-classifier-0.0.5.tgz",
      "integrity": "sha512-eadXcmLGCWvO2Fd0U/ABhfovnqJsZjDdvy6QE6QXp2t4I9KtoTpdnCJkYPoBX7bwE5lvrTQDg6Kqwbdf1n7ofg==",
      "license": "MIT"
    }
  }
}
